
Microsoft Visual Studio Solution File, Format Version 12.00
# Visual Studio Version 17
VisualStudioVersion = 17.10.35027.167
MinimumVisualStudioVersion = 10.0.40219.1
Project("{FAE04EC0-301F-11D3-BF4B-00C04F79EFBC}") = "LengthyWordsReversal", "LengthyWordsReversal.csproj", "{A664CFCB-C1F3-439C-99F5-5EAACCD6E94B}"
EndProject
Global
	GlobalSection(SolutionConfigurationPlatforms) = preSolution
		Debug|Any CPU = Debug|Any CPU
		Release|Any CPU = Release|Any CPU
	EndGlobalSection
	GlobalSection(ProjectConfigurationPlatforms) = postSolution
		{A664CFCB-C1F3-439C-99F5-5EAACCD6E94B}.Debug|Any CPU.ActiveCfg = Debug|Any CPU
		{A664CFCB-C1F3-439C-99F5-5EAACCD6E94B}.Debug|Any CPU.Build.0 = Debug|Any CPU
		{A664CFCB-C1F3-439C-99F5-5EAACCD6E94B}.Release|Any CPU.ActiveCfg = Release|Any CPU
		{A664CFCB-C1F3-439C-99F5-5EAACCD6E94B}.Release|Any CPU.Build.0 = Release|Any CPU
	EndGlobalSection
	GlobalSection(SolutionProperties) = preSolution
		HideSolutionNode = FALSE
	EndGlobalSection
	GlobalSection(ExtensibilityGlobals) = postSolution
		SolutionGuid = {3E1F3A52-7578-4C95-94CF-C4032C67DEB8}
	EndGlobalSection
EndGlobal
